
Microsoft Visual Studio Solution File, Format Version 12.00
# Visual Studio Version 16
VisualStudioVersion = 16.0.32106.194
MinimumVisualStudioVersion = 10.0.40219.1
Project("{8BC9CEB8-8B4A-11D0-8D11-00A0C91BC942}") = "AOC-2022_Day6", "AOC-2022_Day6\AOC-2022_Day6.vcxproj", "{FE8113A8-DAF3-41F0-BF9F-8B1708146145}"
EndProject
Global
	GlobalSection(SolutionConfigurationPlatforms) = preSolution
		Debug|x64 = Debug|x64
		Debug|x86 = Debug|x86
		Release|x64 = Release|x64
		Release|x86 = Release|x86
	EndGlobalSection
	GlobalSection(ProjectConfigurationPlatforms) = postSolution
		{FE8113A8-DAF3-41F0-BF9F-8B1708146145}.Debug|x64.ActiveCfg = Debug|x64
		{FE8113A8-DAF3-41F0-BF9F-8B1708146145}.Debug|x64.Build.0 = Debug|x64
		{FE8113A8-DAF3-41F0-BF9F-8B1708146145}.Debug|x86.ActiveCfg = Debug|Win32
		{FE8113A8-DAF3-41F0-BF9F-8B1708146145}.Debug|x86.Build.0 = Debug|Win32
		{FE8113A8-DAF3-41F0-BF9F-8B1708146145}.Release|x64.ActiveCfg = Release|x64
		{FE8113A8-DAF3-41F0-BF9F-8B1708146145}.Release|x64.Build.0 = Release|x64
		{FE8113A8-DAF3-41F0-BF9F-8B1708146145}.Release|x86.ActiveCfg = Release|Win32
		{FE8113A8-DAF3-41F0-BF9F-8B1708146145}.Release|x86.Build.0 = Release|Win32
	EndGlobalSection
	GlobalSection(SolutionProperties) = preSolution
		HideSolutionNode = FALSE
	EndGlobalSection
	GlobalSection(ExtensibilityGlobals) = postSolution
		SolutionGuid = {2956C876-139F-4057-B3B2-6CBDCF0A22AC}
	EndGlobalSection
EndGlobal
